
Microsoft Visual Studio Solution File, Format Version 12.00
# Visual Studio Version 17
VisualStudioVersion = 17.5.33516.290
MinimumVisualStudioVersion = 10.0.40219.1
Project("{9A19103F-16F7-4668-BE54-9A1E7A4F7556}") = "BookShop", "BookShop\BookShop.csproj", "{937CCED0-402B-4197-8466-A52882E81DBA}"
EndProject
Project("{FAE04EC0-301F-11D3-BF4B-00C04F79EFBC}") = "BookShop.DataAccess", "BookShop.DataAccess\BookShop.DataAccess.csproj", "{2AF835C2-BC43-49F2-B21F-A648961AC733}"
EndProject
Project("{FAE04EC0-301F-11D3-BF4B-00C04F79EFBC}") = "BookShop.Models", "BookShop.Models\BookShop.Models.csproj", "{2E8E9641-C008-4B52-AB0F-C373021348AB}"
EndProject
Project("{FAE04EC0-301F-11D3-BF4B-00C04F79EFBC}") = "BookShop.Utility", "BookShop.Utility\BookShop.Utility.csproj", "{24F11AED-0D38-49CB-9C39-4FB1C2507170}"
EndProject
Global
	GlobalSection(SolutionConfigurationPlatforms) = preSolution
		Debug|Any CPU = Debug|Any CPU
		Release|Any CPU = Release|Any CPU
	EndGlobalSection
	GlobalSection(ProjectConfigurationPlatforms) = postSolution
		{937CCED0-402B-4197-8466-A52882E81DBA}.Debug|Any CPU.ActiveCfg = Debug|Any CPU
		{937CCED0-402B-4197-8466-A52882E81DBA}.Debug|Any CPU.Build.0 = Debug|Any CPU
		{937CCED0-402B-4197-8466-A52882E81DBA}.Release|Any CPU.ActiveCfg = Release|Any CPU
		{937CCED0-402B-4197-8466-A52882E81DBA}.Release|Any CPU.Build.0 = Release|Any CPU
		{2AF835C2-BC43-49F2-B21F-A648961AC733}.Debug|Any CPU.ActiveCfg = Debug|Any CPU
		{2AF835C2-BC43-49F2-B21F-A648961AC733}.Debug|Any CPU.Build.0 = Debug|Any CPU
		{2AF835C2-BC43-49F2-B21F-A648961AC733}.Release|Any CPU.ActiveCfg = Release|Any CPU
		{2AF835C2-BC43-49F2-B21F-A648961AC733}.Release|Any CPU.Build.0 = Release|Any CPU
		{2E8E9641-C008-4B52-AB0F-C373021348AB}.Debug|Any CPU.ActiveCfg = Debug|Any CPU
		{2E8E9641-C008-4B52-AB0F-C373021348AB}.Debug|Any CPU.Build.0 = Debug|Any CPU
		{2E8E9641-C008-4B52-AB0F-C373021348AB}.Release|Any CPU.ActiveCfg = Release|Any CPU
		{2E8E9641-C008-4B52-AB0F-C373021348AB}.Release|Any CPU.Build.0 = Release|Any CPU
		{24F11AED-0D38-49CB-9C39-4FB1C2507170}.Debug|Any CPU.ActiveCfg = Debug|Any CPU
		{24F11AED-0D38-49CB-9C39-4FB1C2507170}.Debug|Any CPU.Build.0 = Debug|Any CPU
		{24F11AED-0D38-49CB-9C39-4FB1C2507170}.Release|Any CPU.ActiveCfg = Release|Any CPU
		{24F11AED-0D38-49CB-9C39-4FB1C2507170}.Release|Any CPU.Build.0 = Release|Any CPU
	EndGlobalSection
	GlobalSection(SolutionProperties) = preSolution
		HideSolutionNode = FALSE
	EndGlobalSection
	GlobalSection(ExtensibilityGlobals) = postSolution
		SolutionGuid = {C3632ABB-48CF-40B8-9BAB-39BB9BF96EE5}
	EndGlobalSection
EndGlobal
